
Microsoft Visual Studio Solution File, Format Version 12.00
# Visual Studio Version 17
VisualStudioVersion = 17.2.32630.192
MinimumVisualStudioVersion = 10.0.40219.1
Project("{9A19103F-16F7-4668-BE54-9A1E7A4F7556}") = "IoCConfig", "IoCConfig\IoCConfig.csproj", "{44A157AF-5FC5-4C0A-8F58-E4F368D365BB}"
EndProject
Project("{9A19103F-16F7-4668-BE54-9A1E7A4F7556}") = "DataAccess", "DataAccess\DataAccess.csproj", "{75CDD072-DEE8-4685-91E4-C886C5E77355}"
EndProject
Project("{9A19103F-16F7-4668-BE54-9A1E7A4F7556}") = "Domain", "Domain\Domain.csproj", "{D5CADC72-3708-4A75-B306-6461B0B4A065}"
EndProject
Project("{9A19103F-16F7-4668-BE54-9A1E7A4F7556}") = "Service", "Service\Service.csproj", "{975A19B3-1C8F-4806-86BA-54922081F32B}"
EndProject
Project("{9A19103F-16F7-4668-BE54-9A1E7A4F7556}") = "LPS.Security.API", "LPS.Security.API\LPS.Security.API.csproj", "{33BD9544-1870-4793-AC3F-9255BAAEC3B8}"
EndProject
Global
	GlobalSection(SolutionConfigurationPlatforms) = preSolution
		Debug|Any CPU = Debug|Any CPU
		Release|Any CPU = Release|Any CPU
	EndGlobalSection
	GlobalSection(ProjectConfigurationPlatforms) = postSolution
		{44A157AF-5FC5-4C0A-8F58-E4F368D365BB}.Debug|Any CPU.ActiveCfg = Debug|Any CPU
		{44A157AF-5FC5-4C0A-8F58-E4F368D365BB}.Debug|Any CPU.Build.0 = Debug|Any CPU
		{44A157AF-5FC5-4C0A-8F58-E4F368D365BB}.Release|Any CPU.ActiveCfg = Release|Any CPU
		{44A157AF-5FC5-4C0A-8F58-E4F368D365BB}.Release|Any CPU.Build.0 = Release|Any CPU
		{75CDD072-DEE8-4685-91E4-C886C5E77355}.Debug|Any CPU.ActiveCfg = Debug|Any CPU
		{75CDD072-DEE8-4685-91E4-C886C5E77355}.Debug|Any CPU.Build.0 = Debug|Any CPU
		{75CDD072-DEE8-4685-91E4-C886C5E77355}.Release|Any CPU.ActiveCfg = Release|Any CPU
		{75CDD072-DEE8-4685-91E4-C886C5E77355}.Release|Any CPU.Build.0 = Release|Any CPU
		{D5CADC72-3708-4A75-B306-6461B0B4A065}.Debug|Any CPU.ActiveCfg = Debug|Any CPU
		{D5CADC72-3708-4A75-B306-6461B0B4A065}.Debug|Any CPU.Build.0 = Debug|Any CPU
		{D5CADC72-3708-4A75-B306-6461B0B4A065}.Release|Any CPU.ActiveCfg = Release|Any CPU
		{D5CADC72-3708-4A75-B306-6461B0B4A065}.Release|Any CPU.Build.0 = Release|Any CPU
		{975A19B3-1C8F-4806-86BA-54922081F32B}.Debug|Any CPU.ActiveCfg = Debug|Any CPU
		{975A19B3-1C8F-4806-86BA-54922081F32B}.Debug|Any CPU.Build.0 = Debug|Any CPU
		{975A19B3-1C8F-4806-86BA-54922081F32B}.Release|Any CPU.ActiveCfg = Release|Any CPU
		{975A19B3-1C8F-4806-86BA-54922081F32B}.Release|Any CPU.Build.0 = Release|Any CPU
		{33BD9544-1870-4793-AC3F-9255BAAEC3B8}.Debug|Any CPU.ActiveCfg = Debug|Any CPU
		{33BD9544-1870-4793-AC3F-9255BAAEC3B8}.Debug|Any CPU.Build.0 = Debug|Any CPU
		{33BD9544-1870-4793-AC3F-9255BAAEC3B8}.Release|Any CPU.ActiveCfg = Release|Any CPU
		{33BD9544-1870-4793-AC3F-9255BAAEC3B8}.Release|Any CPU.Build.0 = Release|Any CPU
	EndGlobalSection
	GlobalSection(SolutionProperties) = preSolution
		HideSolutionNode = FALSE
	EndGlobalSection
	GlobalSection(ExtensibilityGlobals) = postSolution
		SolutionGuid = {B5816750-D924-47DA-B9DF-60BAAA8E60B3}
	EndGlobalSection
EndGlobal
